
Microsoft Visual Studio Solution File, Format Version 12.00
# Visual Studio Version 17
VisualStudioVersion = 17.13.35931.197 d17.13
MinimumVisualStudioVersion = 10.0.40219.1
Project("{FAE04EC0-301F-11D3-BF4B-00C04F79EFBC}") = "PredefinedSQL.CompositionApi.Server.Plugin", "PredefinedSQL.CompositionApi.Server.Plugin.csproj", "{6035B725-FB52-4ED1-A96D-926110C4718A}"
EndProject
Global
	GlobalSection(SolutionConfigurationPlatforms) = preSolution
		Debug|Any CPU = Debug|Any CPU
		Release|Any CPU = Release|Any CPU
	EndGlobalSection
	GlobalSection(ProjectConfigurationPlatforms) = postSolution
		{6035B725-FB52-4ED1-A96D-926110C4718A}.Debug|Any CPU.ActiveCfg = Debug|Any CPU
		{6035B725-FB52-4ED1-A96D-926110C4718A}.Debug|Any CPU.Build.0 = Debug|Any CPU
		{6035B725-FB52-4ED1-A96D-926110C4718A}.Release|Any CPU.ActiveCfg = Release|Any CPU
		{6035B725-FB52-4ED1-A96D-926110C4718A}.Release|Any CPU.Build.0 = Release|Any CPU
	EndGlobalSection
	GlobalSection(SolutionProperties) = preSolution
		HideSolutionNode = FALSE
	EndGlobalSection
	GlobalSection(ExtensibilityGlobals) = postSolution
		SolutionGuid = {FE9A4618-967A-4D51-A4A8-A9A97B2E6A18}
	EndGlobalSection
EndGlobal
